// !$*UTF8*$!
{
	archiveVersion = 1;
	classes = {
	};
	objectVersion = 46;
	objects = {

/* Begin PBXBuildFile section */
		AF7796CF1E39150C0015BC45 /* AppDelegate.swift in Sources */ = {isa = PBXBuildFile; fileRef = AF7796CE1E39150C0015BC45 /* AppDelegate.swift */; };
		AF7796D11E39150C0015BC45 /* ViewController.swift in Sources */ = {isa = PBXBuildFile; fileRef = AF7796D01E39150C0015BC45 /* ViewController.swift */; };
		AF7796D41E39150C0015BC45 /* Main.storyboard in Resources */ = {isa = PBXBuildFile; fileRef = AF7796D21E39150C0015BC45 /* Main.storyboard */; };
		AF7796D61E39150C0015BC45 /* Assets.xcassets in Resources */ = {isa = PBXBuildFile; fileRef = AF7796D51E39150C0015BC45 /* Assets.xcassets */; };
		AF7796D91E39150C0015BC45 /* LaunchScreen.storyboard in Resources */ = {isa = PBXBuildFile; fileRef = AF7796D71E39150C0015BC45 /* LaunchScreen.storyboard */; };
		AF7796E11E3917820015BC45 /* rehab.mp3 in Resources */ = {isa = PBXBuildFile; fileRef = AF7796E01E3917820015BC45 /* rehab.mp3 */; };
		AF94BF691E392772006CC63C /* amy.jpg in Resources */ = {isa = PBXBuildFile; fileRef = AF94BF681E392772006CC63C /* amy.jpg */; };
		AF94BF6C1E392B06006CC63C /* maggie.jpg in Resources */ = {isa = PBXBuildFile; fileRef = AF94BF6B1E392B06006CC63C /* maggie.jpg */; };
		AF94BF6E1E392B1A006CC63C /* alaska.mp3 in Resources */ = {isa = PBXBuildFile; fileRef = AF94BF6D1E392B1A006CC63C /* alaska.mp3 */; };
		AF94BF701E3935A2006CC63C /* MaggieViewController.swift in Sources */ = {isa = PBXBuildFile; fileRef = AF94BF6F1E3935A2006CC63C /* MaggieViewController.swift */; };
/* End PBXBuildFile section */

/* Begin PBXFileReference section */
		AF7796CB1E39150C0015BC45 /* Audio Player.app */ = {isa = PBXFileReference; explicitFileType = wrapper.application; includeInIndex = 0; path = "Audio Player.app"; sourceTree = BUILT_PRODUCTS_DIR; };
		AF7796CE1E39150C0015BC45 /* AppDelegate.swift */ = {isa = PBXFileReference; lastKnownFileType = sourcecode.swift; path = AppDelegate.swift; sourceTree = "<group>"; };
		AF7796D01E39150C0015BC45 /* ViewController.swift */ = {isa = PBXFileReference; lastKnownFileType = sourcecode.swift; path = ViewController.swift; sourceTree = "<group>"; };
		AF7796D31E39150C0015BC45 /* Base */ = {isa = PBXFileReference; lastKnownFileType = file.storyboard; name = Base; path = Base.lproj/Main.storyboard; sourceTree = "<group>"; };
		AF7796D51E39150C0015BC45 /* Assets.xcassets */ = {isa = PBXFileReference; lastKnownFileType = folder.assetcatalog; path = Assets.xcassets; sourceTree = "<group>"; };
		AF7796D81E39150C0015BC45 /* Base */ = {isa = PBXFileReference; lastKnownFileType = file.storyboard; name = Base; path = Base.lproj/LaunchScreen.storyboard; sourceTree = "<group>"; };
		AF7796DA1E39150C0015BC45 /* Info.plist */ = {isa = PBXFileReference; lastKnownFileType = text.plist.xml; path = Info.plist; sourceTree = "<group>"; };
		AF7796E01E3917820015BC45 /* rehab.mp3 */ = {isa = PBXFileReference; lastKnownFileType = audio.mp3; name = rehab.mp3; path = ../../../Downloads/rehab.mp3; sourceTree = "<group>"; };
		AF94BF681E392772006CC63C /* amy.jpg */ = {isa = PBXFileReference; lastKnownFileType = image.jpeg; name = amy.jpg; path = ../../../Desktop/lizhealy.io/amy.jpg; sourceTree = "<group>"; };
		AF94BF6B1E392B06006CC63C /* maggie.jpg */ = {isa = PBXFileReference; lastKnownFileType = image.jpeg; name = maggie.jpg; path = ../../../Desktop/lizhealy.io/maggie.jpg; sourceTree = "<group>"; };
		AF94BF6D1E392B1A006CC63C /* alaska.mp3 */ = {isa = PBXFileReference; lastKnownFileType = audio.mp3; name = alaska.mp3; path = ../../../Downloads/alaska.mp3; sourceTree = "<group>"; };
		AF94BF6F1E3935A2006CC63C /* MaggieViewController.swift */ = {isa = PBXFileReference; fileEncoding = 4; lastKnownFileType = sourcecode.swift; path = MaggieViewController.swift; sourceTree = "<group>"; };
/* End PBXFileReference section */

/* Begin PBXFrameworksBuildPhase section */
		AF7796C81E39150C0015BC45 /* Frameworks */ = {
			isa = PBXFrameworksBuildPhase;
			buildActionMask = 2147483647;
			files = (
			);
			runOnlyForDeploymentPostprocessing = 0;
		};
/* End PBXFrameworksBuildPhase section */

/* Begin PBXGroup section */
		AF7796C21E39150C0015BC45 = {
			isa = PBXGroup;
			children = (
				AF7796CD1E39150C0015BC45 /* Audio Player */,
				AF7796CC1E39150C0015BC45 /* Products */,
			);
			sourceTree = "<group>";
		};
		AF7796CC1E39150C0015BC45 /* Products */ = {
			isa = PBXGroup;
			children = (
				AF7796CB1E39150C0015BC45 /* Audio Player.app */,
			);
			name = Products;
			sourceTree = "<group>";
		};
		AF7796CD1E39150C0015BC45 /* Audio Player */ = {
			isa = PBXGroup;
			children = (
				AF7796CE1E39150C0015BC45 /* AppDelegate.swift */,
				AF7796D01E39150C0015BC45 /* ViewController.swift */,
				AF7796E01E3917820015BC45 /* rehab.mp3 */,
				AF7796D21E39150C0015BC45 /* Main.storyboard */,
				AF94BF681E392772006CC63C /* amy.jpg */,
				AF7796D51E39150C0015BC45 /* Assets.xcassets */,
				AF94BF6D1E392B1A006CC63C /* alaska.mp3 */,
				AF7796D71E39150C0015BC45 /* LaunchScreen.storyboard */,
				AF94BF6B1E392B06006CC63C /* maggie.jpg */,
				AF7796DA1E39150C0015BC45 /* Info.plist */,
				AF94BF6F1E3935A2006CC63C /* MaggieViewController.swift */,
			);
			path = "Audio Player";
			sourceTree = "<group>";
		};
/* End PBXGroup section */

/* Begin PBXNativeTarget section */
		AF7796CA1E39150C0015BC45 /* Audio Player */ = {
			isa = PBXNativeTarget;
			buildConfigurationList = AF7796DD1E39150C0015BC45 /* Build configuration list for PBXNativeTarget "Audio Player" */;
			buildPhases = (
				AF7796C71E39150C0015BC45 /* Sources */,
				AF7796C81E39150C0015BC45 /* Frameworks */,
				AF7796C91E39150C0015BC45 /* Resources */,
			);
			buildRules = (
			);
			dependencies = (
			);
			name = "Audio Player";
			productName = "Audio Player";
			productReference = AF7796CB1E39150C0015BC45 /* Audio Player.app */;
			productType = "com.apple.product-type.application";
		};
/* End PBXNativeTarget section */

/* Begin PBXProject section */
		AF7796C31E39150C0015BC45 /* Project object */ = {
			isa = PBXProject;
			attributes = {
				LastSwiftUpdateCheck = 0820;
				LastUpgradeCheck = 0820;
				ORGANIZATIONNAME = "netGalaxy Studios";
				TargetAttributes = {
					AF7796CA1E39150C0015BC45 = {
						CreatedOnToolsVersion = 8.2.1;
						ProvisioningStyle = Automatic;
					};
				};
			};
			buildConfigurationList = AF7796C61E39150C0015BC45 /* Build configuration list for PBXProject "Audio Player" */;
			compatibilityVersion = "Xcode 3.2";
			developmentRegion = English;
			hasScannedForEncodings = 0;
			knownRegions = (
				en,
				Base,
			);
			mainGroup = AF7796C21E39150C0015BC45;
			productRefGroup = AF7796CC1E39150C0015BC45 /* Products */;
			projectDirPath = "";
			projectRoot = "";
			targets = (
				AF7796CA1E39150C0015BC45 /* Audio Player */,
			);
		};
/* End PBXProject section */

/* Begin PBXResourcesBuildPhase section */
		AF7796C91E39150C0015BC45 /* Resources */ = {
			isa = PBXResourcesBuildPhase;
			buildActionMask = 2147483647;
			files = (
				AF7796E11E3917820015BC45 /* rehab.mp3 in Resources */,
				AF7796D91E39150C0015BC45 /* LaunchScreen.storyboard in Resources */,
				AF7796D61E39150C0015BC45 /* Assets.xcassets in Resources */,
				AF94BF6C1E392B06006CC63C /* maggie.jpg in Resources */,
				AF94BF6E1E392B1A006CC63C /* alaska.mp3 in Resources */,
				AF7796D41E39150C0015BC45 /* Main.storyboard in Resources */,
				AF94BF691E392772006CC63C /* amy.jpg in Resources */,
			);
			runOnlyForDeploymentPostprocessing = 0;
		};
/* End PBXResourcesBuildPhase section */

/* Begin PBXSourcesBuildPhase section */
		AF7796C71E39150C0015BC45 /* Sources */ = {
			isa = PBXSourcesBuildPhase;
			buildActionMask = 2147483647;
			files = (
				AF7796D11E39150C0015BC45 /* ViewController.swift in Sources */,
				AF94BF701E3935A2006CC63C /* MaggieViewController.swift in Sources */,
				AF7796CF1E39150C0015BC45 /* AppDelegate.swift in Sources */,
			);
			runOnlyForDeploymentPostprocessing = 0;
		};
/* End PBXSourcesBuildPhase section */

/* Begin PBXVariantGroup section */
		AF7796D21E39150C0015BC45 /* Main.storyboard */ = {
			isa = PBXVariantGroup;
			children = (
				AF7796D31E39150C0015BC45 /* Base */,
			);
			name = Main.storyboard;
			sourceTree = "<group>";
		};
		AF7796D71E39150C0015BC45 /* LaunchScreen.storyboard */ = {
			isa = PBXVariantGroup;
			children = (
				AF7796D81E39150C0015BC45 /* Base */,
			);
			name = LaunchScreen.storyboard;
			sourceTree = "<group>";
		};
/* End PBXVariantGroup section */

/* Begin XCBuildConfiguration section */
		AF7796DB1E39150C0015BC45 /* Debug */ = {
			isa = XCBuildConfiguration;
			buildSettings = {
				ALWAYS_SEARCH_USER_PATHS = NO;
				CLANG_ANALYZER_NONNULL = YES;
				CLANG_CXX_LANGUAGE_STANDARD = "gnu++0x";
				CLANG_CXX_LIBRARY = "libc++";
				CLANG_ENABLE_MODULES = YES;
				CLANG_ENABLE_OBJC_ARC = YES;
				CLANG_WARN_BOOL_CONVERSION = YES;
				CLANG_WARN_CONSTANT_CONVERSION = YES;
				CLANG_WARN_DIRECT_OBJC_ISA_USAGE = YES_ERROR;
				CLANG_WARN_DOCUMENTATION_COMMENTS = YES;
				CLANG_WARN_EMPTY_BODY = YES;
				CLANG_WARN_ENUM_CONVERSION = YES;
				CLANG_WARN_INFINITE_RECURSION = YES;
				CLANG_WARN_INT_CONVERSION = YES;
				CLANG_WARN_OBJC_ROOT_CLASS = YES_ERROR;
				CLANG_WARN_SUSPICIOUS_MOVE = YES;
				CLANG_WARN_UNREACHABLE_CODE = YES;
				CLANG_WARN__DUPLICATE_METHOD_MATCH = YES;
				"CODE_SIGN_IDENTITY[sdk=iphoneos*]" = "iPhone Developer";
				COPY_PHASE_STRIP = NO;
				DEBUG_INFORMATION_FORMAT = dwarf;
				ENABLE_STRICT_OBJC_MSGSEND = YES;
				ENABLE_TESTABILITY = YES;
				GCC_C_LANGUAGE_STANDARD = gnu99;
				GCC_DYNAMIC_NO_PIC = NO;
				GCC_NO_COMMON_BLOCKS = YES;
				GCC_OPTIMIZATION_LEVEL = 0;
				GCC_PREPROCESSOR_DEFINITIONS = (
					"DEBUG=1",
					"$(inherited)",
				);
				GCC_WARN_64_TO_32_BIT_CONVERSION = YES;
				GCC_WARN_ABOUT_RETURN_TYPE = YES_ERROR;
				GCC_WARN_UNDECLARED_SELECTOR = YES;
				GCC_WARN_UNINITIALIZED_AUTOS = YES_AGGRESSIVE;
				GCC_WARN_UNUSED_FUNCTION = YES;
				GCC_WARN_UNUSED_VARIABLE = YES;
				IPHONEOS_DEPLOYMENT_TARGET = 10.2;
				MTL_ENABLE_DEBUG_INFO = YES;
				ONLY_ACTIVE_ARCH = YES;
				SDKROOT = iphoneos;
				SWIFT_ACTIVE_COMPILATION_CONDITIONS = DEBUG;
				SWIFT_OPTIMIZATION_LEVEL = "-Onone";
			};
			name = Debug;
		};
		AF7796DC1E39150C0015BC45 /* Release */ = {
			isa = XCBuildConfiguration;
			buildSettings = {
				ALWAYS_SEARCH_USER_PATHS = NO;
				CLANG_ANALYZER_NONNULL = YES;
				CLANG_CXX_LANGUAGE_STANDARD = "gnu++0x";
				CLANG_CXX_LIBRARY = "libc++";
				CLANG_ENABLE_MODULES = YES;
				CLANG_ENABLE_OBJC_ARC = YES;
				CLANG_WARN_BOOL_CONVERSION = YES;
				CLANG_WARN_CONSTANT_CONVERSION = YES;
				CLANG_WARN_DIRECT_OBJC_ISA_USAGE = YES_ERROR;
				CLANG_WARN_DOCUMENTATION_COMMENTS = YES;
				CLANG_WARN_EMPTY_BODY = YES;
				CLANG_WARN_ENUM_CONVERSION = YES;
				CLANG_WARN_INFINITE_RECURSION = YES;
				CLANG_WARN_INT_CONVERSION = YES;
				CLANG_WARN_OBJC_ROOT_CLASS = YES_ERROR;
				CLANG_WARN_SUSPICIOUS_MOVE = YES;
				CLANG_WARN_UNREACHABLE_CODE = YES;
				CLANG_WARN__DUPLICATE_METHOD_MATCH = YES;
				"CODE_SIGN_IDENTITY[sdk=iphoneos*]" = "iPhone Developer";
				COPY_PHASE_STRIP = NO;
				DEBUG_INFORMATION_FORMAT = "dwarf-with-dsym";
				ENABLE_NS_ASSERTIONS = NO;
				ENABLE_STRICT_OBJC_MSGSEND = YES;
				GCC_C_LANGUAGE_STANDARD = gnu99;
				GCC_NO_COMMON_BLOCKS = YES;
				GCC_WARN_64_TO_32_BIT_CONVERSION = YES;
				GCC_WARN_ABOUT_RETURN_TYPE = YES_ERROR;
				GCC_WARN_UNDECLARED_SELECTOR = YES;
				GCC_WARN_UNINITIALIZED_AUTOS = YES_AGGRESSIVE;
				GCC_WARN_UNUSED_FUNCTION = YES;
				GCC_WARN_UNUSED_VARIABLE = YES;
				IPHONEOS_DEPLOYMENT_TARGET = 10.2;
				MTL_ENABLE_DEBUG_INFO = NO;
				SDKROOT = iphoneos;
				SWIFT_OPTIMIZATION_LEVEL = "-Owholemodule";
				VALIDATE_PRODUCT = YES;
			};
			name = Release;
		};
		AF7796DE1E39150C0015BC45 /* Debug */ = {
			isa = XCBuildConfiguration;
			buildSettings = {
				ASSETCATALOG_COMPILER_APPICON_NAME = AppIcon;
				INFOPLIST_FILE = "Audio Player/Info.plist";
				LD_RUNPATH_SEARCH_PATHS = "$(inherited) @executable_path/Frameworks";
				PRODUCT_BUNDLE_IDENTIFIER = "com.netgalaxystudios.Audio-Player";
				PRODUCT_NAME = "$(TARGET_NAME)";
				SWIFT_VERSION = 3.0;
			};
			name = Debug;
		};
		AF7796DF1E39150C0015BC45 /* Release */ = {
			isa = XCBuildConfiguration;
			buildSettings = {
				ASSETCATALOG_COMPILER_APPICON_NAME = AppIcon;
				INFOPLIST_FILE = "Audio Player/Info.plist";
				LD_RUNPATH_SEARCH_PATHS = "$(inherited) @executable_path/Frameworks";
				PRODUCT_BUNDLE_IDENTIFIER = "com.netgalaxystudios.Audio-Player";
				PRODUCT_NAME = "$(TARGET_NAME)";
				SWIFT_VERSION = 3.0;
			};
			name = Release;
		};
/* End XCBuildConfiguration section */

/* Begin XCConfigurationList section */
		AF7796C61E39150C0015BC45 /* Build configuration list for PBXProject "Audio Player" */ = {
			isa = XCConfigurationList;
			buildConfigurations = (
				AF7796DB1E39150C0015BC45 /* Debug */,
				AF7796DC1E39150C0015BC45 /* Release */,
			);
			defaultConfigurationIsVisible = 0;
			defaultConfigurationName = Release;
		};
		AF7796DD1E39150C0015BC45 /* Build configuration list for PBXNativeTarget "Audio Player" */ = {
			isa = XCConfigurationList;
			buildConfigurations = (
				AF7796DE1E39150C0015BC45 /* Debug */,
				AF7796DF1E39150C0015BC45 /* Release */,
			);
			defaultConfigurationIsVisible = 0;
			defaultConfigurationName = Release;
		};
/* End XCConfigurationList section */
	};
	rootObject = AF7796C31E39150C0015BC45 /* Project object */;
}
